
Microsoft Visual Studio Solution File, Format Version 12.00
# Visual Studio 15
VisualStudioVersion = 15.0.27703.2026
MinimumVisualStudioVersion = 10.0.40219.1
Project("{8BC9CEB8-8B4A-11D0-8D11-00A0C91BC942}") = "STL-Unit-Test", "STL-Unit-Test\STL-Unit-Test.vcxproj", "{8663F013-6061-44E3-A8FD-54EF88D16897}"
EndProject
Project("{8BC9CEB8-8B4A-11D0-8D11-00A0C91BC942}") = "STL-Study", "STL-Study\STL-Study.vcxproj", "{74C0D9B8-1204-4DA9-9FC6-3EEE2B28B383}"
EndProject
Global
	GlobalSection(SolutionConfigurationPlatforms) = preSolution
		Debug|x64 = Debug|x64
		Debug|x86 = Debug|x86
		Release|x64 = Release|x64
		Release|x86 = Release|x86
	EndGlobalSection
	GlobalSection(ProjectConfigurationPlatforms) = postSolution
		{8663F013-6061-44E3-A8FD-54EF88D16897}.Debug|x64.ActiveCfg = Debug|x64
		{8663F013-6061-44E3-A8FD-54EF88D16897}.Debug|x64.Build.0 = Debug|x64
		{8663F013-6061-44E3-A8FD-54EF88D16897}.Debug|x86.ActiveCfg = Debug|Win32
		{8663F013-6061-44E3-A8FD-54EF88D16897}.Debug|x86.Build.0 = Debug|Win32
		{8663F013-6061-44E3-A8FD-54EF88D16897}.Release|x64.ActiveCfg = Release|x64
		{8663F013-6061-44E3-A8FD-54EF88D16897}.Release|x64.Build.0 = Release|x64
		{8663F013-6061-44E3-A8FD-54EF88D16897}.Release|x86.ActiveCfg = Release|Win32
		{8663F013-6061-44E3-A8FD-54EF88D16897}.Release|x86.Build.0 = Release|Win32
		{74C0D9B8-1204-4DA9-9FC6-3EEE2B28B383}.Debug|x64.ActiveCfg = Debug|x64
		{74C0D9B8-1204-4DA9-9FC6-3EEE2B28B383}.Debug|x64.Build.0 = Debug|x64
		{74C0D9B8-1204-4DA9-9FC6-3EEE2B28B383}.Debug|x86.ActiveCfg = Debug|Win32
		{74C0D9B8-1204-4DA9-9FC6-3EEE2B28B383}.Debug|x86.Build.0 = Debug|Win32
		{74C0D9B8-1204-4DA9-9FC6-3EEE2B28B383}.Release|x64.ActiveCfg = Release|x64
		{74C0D9B8-1204-4DA9-9FC6-3EEE2B28B383}.Release|x64.Build.0 = Release|x64
		{74C0D9B8-1204-4DA9-9FC6-3EEE2B28B383}.Release|x86.ActiveCfg = Release|Win32
		{74C0D9B8-1204-4DA9-9FC6-3EEE2B28B383}.Release|x86.Build.0 = Release|Win32
	EndGlobalSection
	GlobalSection(SolutionProperties) = preSolution
		HideSolutionNode = FALSE
	EndGlobalSection
	GlobalSection(ExtensibilityGlobals) = postSolution
		SolutionGuid = {371FD5E7-62E2-4B82-86D5-2F10EC510DF4}
	EndGlobalSection
EndGlobal
